
Microsoft Visual Studio Solution File, Format Version 12.00
# Visual Studio Version 16
VisualStudioVersion = 16.0.31729.503
MinimumVisualStudioVersion = 10.0.40219.1
Project("{FAE04EC0-301F-11D3-BF4B-00C04F79EFBC}") = "ExemploArrayLinq", "ExemploArrayLinq\ExemploArrayLinq.csproj", "{222FA0A4-3ABE-409B-8EAA-1E22F7C2C8D8}"
EndProject
Global
	GlobalSection(SolutionConfigurationPlatforms) = preSolution
		Debug|Any CPU = Debug|Any CPU
		Release|Any CPU = Release|Any CPU
	EndGlobalSection
	GlobalSection(ProjectConfigurationPlatforms) = postSolution
		{222FA0A4-3ABE-409B-8EAA-1E22F7C2C8D8}.Debug|Any CPU.ActiveCfg = Debug|Any CPU
		{222FA0A4-3ABE-409B-8EAA-1E22F7C2C8D8}.Debug|Any CPU.Build.0 = Debug|Any CPU
		{222FA0A4-3ABE-409B-8EAA-1E22F7C2C8D8}.Release|Any CPU.ActiveCfg = Release|Any CPU
		{222FA0A4-3ABE-409B-8EAA-1E22F7C2C8D8}.Release|Any CPU.Build.0 = Release|Any CPU
	EndGlobalSection
	GlobalSection(SolutionProperties) = preSolution
		HideSolutionNode = FALSE
	EndGlobalSection
	GlobalSection(ExtensibilityGlobals) = postSolution
		SolutionGuid = {01CA3A30-CF2A-46B7-BB4B-890597415173}
	EndGlobalSection
EndGlobal
